// !$*UTF8*$!
{
	archiveVersion = 1;
	classes = {
	};
	objectVersion = 50;
	objects = {

/* Begin PBXBuildFile section */
		5F78472624211EEE0025D877 /* main.cpp in Sources */ = {isa = PBXBuildFile; fileRef = 5F78472524211EEE0025D877 /* main.cpp */; };
/* End PBXBuildFile section */

/* Begin PBXCopyFilesBuildPhase section */
		5F78472024211EEE0025D877 /* CopyFiles */ = {
			isa = PBXCopyFilesBuildPhase;
			buildActionMask = 2147483647;
			dstPath = /usr/share/man/man1/;
			dstSubfolderSpec = 0;
			files = (
			);
			runOnlyForDeploymentPostprocessing = 1;
		};
/* End PBXCopyFilesBuildPhase section */

/* Begin PBXFileReference section */
		5F07FCE4242252180065D7DD /* SendMessage.h */ = {isa = PBXFileReference; lastKnownFileType = sourcecode.c.h; path = SendMessage.h; sourceTree = "<group>"; };
		5F07FCE8242274600065D7DD /* Internal.h */ = {isa = PBXFileReference; lastKnownFileType = sourcecode.c.h; path = Internal.h; sourceTree = "<group>"; };
		5F07FCE92422A9140065D7DD /* Message.h */ = {isa = PBXFileReference; lastKnownFileType = sourcecode.c.h; path = Message.h; sourceTree = "<group>"; };
		5F07FCEA2422A9230065D7DD /* ChatPhoto.h */ = {isa = PBXFileReference; lastKnownFileType = sourcecode.c.h; path = ChatPhoto.h; sourceTree = "<group>"; };
		5F07FCEB2422A92E0065D7DD /* ChatPermissions.h */ = {isa = PBXFileReference; lastKnownFileType = sourcecode.c.h; path = ChatPermissions.h; sourceTree = "<group>"; };
		5F78472224211EEE0025D877 /* tgbot */ = {isa = PBXFileReference; explicitFileType = "compiled.mach-o.executable"; includeInIndex = 0; path = tgbot; sourceTree = BUILT_PRODUCTS_DIR; };
		5F78472524211EEE0025D877 /* main.cpp */ = {isa = PBXFileReference; lastKnownFileType = sourcecode.cpp.cpp; path = main.cpp; sourceTree = "<group>"; };
		5F78472E24211F1A0025D877 /* Query.h */ = {isa = PBXFileReference; fileEncoding = 4; lastKnownFileType = sourcecode.c.h; path = Query.h; sourceTree = "<group>"; };
		5F78473024211F1A0025D877 /* json.hpp */ = {isa = PBXFileReference; fileEncoding = 4; lastKnownFileType = sourcecode.cpp.h; path = json.hpp; sourceTree = "<group>"; };
		5F78473224211F1A0025D877 /* debugbreak.h */ = {isa = PBXFileReference; fileEncoding = 4; lastKnownFileType = sourcecode.c.h; path = debugbreak.h; sourceTree = "<group>"; };
		5F78473524211F1A0025D877 /* Object.h */ = {isa = PBXFileReference; fileEncoding = 4; lastKnownFileType = sourcecode.c.h; path = Object.h; sourceTree = "<group>"; };
		5F78473624211F1A0025D877 /* Stats.h */ = {isa = PBXFileReference; fileEncoding = 4; lastKnownFileType = sourcecode.c.h; path = Stats.h; sourceTree = "<group>"; };
		5F78473724211F1A0025D877 /* Reflection.h */ = {isa = PBXFileReference; fileEncoding = 4; lastKnownFileType = sourcecode.c.h; path = Reflection.h; sourceTree = "<group>"; };
		5F78473824211F1A0025D877 /* Methods.h */ = {isa = PBXFileReference; fileEncoding = 4; lastKnownFileType = sourcecode.c.h; path = Methods.h; sourceTree = "<group>"; };
		5F78473924211F1A0025D877 /* String.h */ = {isa = PBXFileReference; fileEncoding = 4; lastKnownFileType = sourcecode.c.h; path = String.h; sourceTree = "<group>"; };
		5F78473C24211F3D0025D877 /* User.h */ = {isa = PBXFileReference; lastKnownFileType = sourcecode.c.h; path = User.h; sourceTree = "<group>"; };
		5F784744242147930025D877 /* ApiResponse.h */ = {isa = PBXFileReference; lastKnownFileType = sourcecode.c.h; path = ApiResponse.h; sourceTree = "<group>"; };
		5F78474524215C1D0025D877 /* Chat.h */ = {isa = PBXFileReference; lastKnownFileType = sourcecode.c.h; path = Chat.h; sourceTree = "<group>"; };
		5F78474924216C030025D877 /* Session.h */ = {isa = PBXFileReference; lastKnownFileType = sourcecode.c.h; path = Session.h; sourceTree = "<group>"; };
		5F78474A242170FB0025D877 /* GetChat.h */ = {isa = PBXFileReference; lastKnownFileType = sourcecode.c.h; path = GetChat.h; sourceTree = "<group>"; };
/* End PBXFileReference section */

/* Begin PBXFrameworksBuildPhase section */
		5F78471F24211EEE0025D877 /* Frameworks */ = {
			isa = PBXFrameworksBuildPhase;
			buildActionMask = 2147483647;
			files = (
			);
			runOnlyForDeploymentPostprocessing = 0;
		};
/* End PBXFrameworksBuildPhase section */

/* Begin PBXGroup section */
		5F07FCE3242251FD0065D7DD /* Methods */ = {
			isa = PBXGroup;
			children = (
				5F78474A242170FB0025D877 /* GetChat.h */,
				5F07FCE4242252180065D7DD /* SendMessage.h */,
			);
			name = Methods;
			sourceTree = "<group>";
		};
		5F78471924211EEE0025D877 = {
			isa = PBXGroup;
			children = (
				5F78472424211EEE0025D877 /* tgbot */,
				5F78472324211EEE0025D877 /* Products */,
			);
			sourceTree = "<group>";
		};
		5F78472324211EEE0025D877 /* Products */ = {
			isa = PBXGroup;
			children = (
				5F78472224211EEE0025D877 /* tgbot */,
			);
			name = Products;
			sourceTree = "<group>";
		};
		5F78472424211EEE0025D877 /* tgbot */ = {
			isa = PBXGroup;
			children = (
				5F78473B24211F2F0025D877 /* TelegramAPI */,
				5F78472524211EEE0025D877 /* main.cpp */,
			);
			path = tgbot;
			sourceTree = "<group>";
		};
		5F78472D24211F1A0025D877 /* CXFramework */ = {
			isa = PBXGroup;
			children = (
				5F78472F24211F1A0025D877 /* utils */,
				5F78472E24211F1A0025D877 /* Query.h */,
				5F78473524211F1A0025D877 /* Object.h */,
				5F78473624211F1A0025D877 /* Stats.h */,
				5F78473724211F1A0025D877 /* Reflection.h */,
				5F78473824211F1A0025D877 /* Methods.h */,
				5F78473924211F1A0025D877 /* String.h */,
			);
			path = CXFramework;
			sourceTree = "<group>";
		};
		5F78472F24211F1A0025D877 /* utils */ = {
			isa = PBXGroup;
			children = (
				5F78473024211F1A0025D877 /* json.hpp */,
				5F78473224211F1A0025D877 /* debugbreak.h */,
			);
			path = utils;
			sourceTree = "<group>";
		};
		5F78473B24211F2F0025D877 /* TelegramAPI */ = {
			isa = PBXGroup;
			children = (
				5F07FCE3242251FD0065D7DD /* Methods */,
				5F78472D24211F1A0025D877 /* CXFramework */,
				5F78473C24211F3D0025D877 /* User.h */,
				5F784744242147930025D877 /* ApiResponse.h */,
				5F07FCE8242274600065D7DD /* Internal.h */,
				5F78474524215C1D0025D877 /* Chat.h */,
				5F07FCEA2422A9230065D7DD /* ChatPhoto.h */,
				5F07FCEB2422A92E0065D7DD /* ChatPermissions.h */,
				5F07FCE92422A9140065D7DD /* Message.h */,
				5F78474924216C030025D877 /* Session.h */,
			);
			path = TelegramAPI;
			sourceTree = "<group>";
		};
/* End PBXGroup section */

/* Begin PBXNativeTarget section */
		5F78472124211EEE0025D877 /* tgbot */ = {
			isa = PBXNativeTarget;
			buildConfigurationList = 5F78472924211EEE0025D877 /* Build configuration list for PBXNativeTarget "tgbot" */;
			buildPhases = (
				5F78471E24211EEE0025D877 /* Sources */,
				5F78471F24211EEE0025D877 /* Frameworks */,
				5F78472024211EEE0025D877 /* CopyFiles */,
			);
			buildRules = (
			);
			dependencies = (
			);
			name = tgbot;
			productName = tgbot;
			productReference = 5F78472224211EEE0025D877 /* tgbot */;
			productType = "com.apple.product-type.tool";
		};
/* End PBXNativeTarget section */

/* Begin PBXProject section */
		5F78471A24211EEE0025D877 /* Project object */ = {
			isa = PBXProject;
			attributes = {
				LastUpgradeCheck = 1010;
				ORGANIZATIONNAME = "Plak Corp";
				TargetAttributes = {
					5F78472124211EEE0025D877 = {
						CreatedOnToolsVersion = 10.1;
					};
				};
			};
			buildConfigurationList = 5F78471D24211EEE0025D877 /* Build configuration list for PBXProject "tgbot" */;
			compatibilityVersion = "Xcode 9.3";
			developmentRegion = en;
			hasScannedForEncodings = 0;
			knownRegions = (
				en,
			);
			mainGroup = 5F78471924211EEE0025D877;
			productRefGroup = 5F78472324211EEE0025D877 /* Products */;
			projectDirPath = "";
			projectRoot = "";
			targets = (
				5F78472124211EEE0025D877 /* tgbot */,
			);
		};
/* End PBXProject section */

/* Begin PBXSourcesBuildPhase section */
		5F78471E24211EEE0025D877 /* Sources */ = {
			isa = PBXSourcesBuildPhase;
			buildActionMask = 2147483647;
			files = (
				5F78472624211EEE0025D877 /* main.cpp in Sources */,
			);
			runOnlyForDeploymentPostprocessing = 0;
		};
/* End PBXSourcesBuildPhase section */

/* Begin XCBuildConfiguration section */
		5F78472724211EEE0025D877 /* Debug */ = {
			isa = XCBuildConfiguration;
			buildSettings = {
				ALWAYS_SEARCH_USER_PATHS = NO;
				CLANG_ANALYZER_NONNULL = YES;
				CLANG_ANALYZER_NUMBER_OBJECT_CONVERSION = YES_AGGRESSIVE;
				CLANG_CXX_LANGUAGE_STANDARD = "gnu++14";
				CLANG_CXX_LIBRARY = "libc++";
				CLANG_ENABLE_MODULES = YES;
				CLANG_ENABLE_OBJC_ARC = YES;
				CLANG_ENABLE_OBJC_WEAK = YES;
				CLANG_WARN_BLOCK_CAPTURE_AUTORELEASING = YES;
				CLANG_WARN_BOOL_CONVERSION = YES;
				CLANG_WARN_COMMA = YES;
				CLANG_WARN_CONSTANT_CONVERSION = YES;
				CLANG_WARN_DEPRECATED_OBJC_IMPLEMENTATIONS = YES;
				CLANG_WARN_DIRECT_OBJC_ISA_USAGE = YES_ERROR;
				CLANG_WARN_DOCUMENTATION_COMMENTS = YES;
				CLANG_WARN_EMPTY_BODY = YES;
				CLANG_WARN_ENUM_CONVERSION = YES;
				CLANG_WARN_INFINITE_RECURSION = YES;
				CLANG_WARN_INT_CONVERSION = YES;
				CLANG_WARN_NON_LITERAL_NULL_CONVERSION = YES;
				CLANG_WARN_OBJC_IMPLICIT_RETAIN_SELF = YES;
				CLANG_WARN_OBJC_LITERAL_CONVERSION = YES;
				CLANG_WARN_OBJC_ROOT_CLASS = YES_ERROR;
				CLANG_WARN_RANGE_LOOP_ANALYSIS = YES;
				CLANG_WARN_STRICT_PROTOTYPES = YES;
				CLANG_WARN_SUSPICIOUS_MOVE = YES;
				CLANG_WARN_UNGUARDED_AVAILABILITY = YES_AGGRESSIVE;
				CLANG_WARN_UNREACHABLE_CODE = YES;
				CLANG_WARN__DUPLICATE_METHOD_MATCH = YES;
				CODE_SIGN_IDENTITY = "Mac Developer";
				COPY_PHASE_STRIP = NO;
				DEBUG_INFORMATION_FORMAT = dwarf;
				ENABLE_STRICT_OBJC_MSGSEND = YES;
				ENABLE_TESTABILITY = YES;
				GCC_C_LANGUAGE_STANDARD = gnu11;
				GCC_DYNAMIC_NO_PIC = NO;
				GCC_NO_COMMON_BLOCKS = YES;
				GCC_OPTIMIZATION_LEVEL = 0;
				GCC_PREPROCESSOR_DEFINITIONS = (
					"DEBUG=1",
					"$(inherited)",
				);
				GCC_WARN_64_TO_32_BIT_CONVERSION = YES;
				GCC_WARN_ABOUT_RETURN_TYPE = YES_ERROR;
				GCC_WARN_UNDECLARED_SELECTOR = YES;
				GCC_WARN_UNINITIALIZED_AUTOS = YES_AGGRESSIVE;
				GCC_WARN_UNUSED_FUNCTION = YES;
				GCC_WARN_UNUSED_VARIABLE = YES;
				MACOSX_DEPLOYMENT_TARGET = 10.13;
				MTL_ENABLE_DEBUG_INFO = INCLUDE_SOURCE;
				MTL_FAST_MATH = YES;
				ONLY_ACTIVE_ARCH = YES;
				SDKROOT = macosx;
			};
			name = Debug;
		};
		5F78472824211EEE0025D877 /* Release */ = {
			isa = XCBuildConfiguration;
			buildSettings = {
				ALWAYS_SEARCH_USER_PATHS = NO;
				CLANG_ANALYZER_NONNULL = YES;
				CLANG_ANALYZER_NUMBER_OBJECT_CONVERSION = YES_AGGRESSIVE;
				CLANG_CXX_LANGUAGE_STANDARD = "gnu++14";
				CLANG_CXX_LIBRARY = "libc++";
				CLANG_ENABLE_MODULES = YES;
				CLANG_ENABLE_OBJC_ARC = YES;
				CLANG_ENABLE_OBJC_WEAK = YES;
				CLANG_WARN_BLOCK_CAPTURE_AUTORELEASING = YES;
				CLANG_WARN_BOOL_CONVERSION = YES;
				CLANG_WARN_COMMA = YES;
				CLANG_WARN_CONSTANT_CONVERSION = YES;
				CLANG_WARN_DEPRECATED_OBJC_IMPLEMENTATIONS = YES;
				CLANG_WARN_DIRECT_OBJC_ISA_USAGE = YES_ERROR;
				CLANG_WARN_DOCUMENTATION_COMMENTS = YES;
				CLANG_WARN_EMPTY_BODY = YES;
				CLANG_WARN_ENUM_CONVERSION = YES;
				CLANG_WARN_INFINITE_RECURSION = YES;
				CLANG_WARN_INT_CONVERSION = YES;
				CLANG_WARN_NON_LITERAL_NULL_CONVERSION = YES;
				CLANG_WARN_OBJC_IMPLICIT_RETAIN_SELF = YES;
				CLANG_WARN_OBJC_LITERAL_CONVERSION = YES;
				CLANG_WARN_OBJC_ROOT_CLASS = YES_ERROR;
				CLANG_WARN_RANGE_LOOP_ANALYSIS = YES;
				CLANG_WARN_STRICT_PROTOTYPES = YES;
				CLANG_WARN_SUSPICIOUS_MOVE = YES;
				CLANG_WARN_UNGUARDED_AVAILABILITY = YES_AGGRESSIVE;
				CLANG_WARN_UNREACHABLE_CODE = YES;
				CLANG_WARN__DUPLICATE_METHOD_MATCH = YES;
				CODE_SIGN_IDENTITY = "Mac Developer";
				COPY_PHASE_STRIP = NO;
				DEBUG_INFORMATION_FORMAT = "dwarf-with-dsym";
				ENABLE_NS_ASSERTIONS = NO;
				ENABLE_STRICT_OBJC_MSGSEND = YES;
				GCC_C_LANGUAGE_STANDARD = gnu11;
				GCC_NO_COMMON_BLOCKS = YES;
				GCC_WARN_64_TO_32_BIT_CONVERSION = YES;
				GCC_WARN_ABOUT_RETURN_TYPE = YES_ERROR;
				GCC_WARN_UNDECLARED_SELECTOR = YES;
				GCC_WARN_UNINITIALIZED_AUTOS = YES_AGGRESSIVE;
				GCC_WARN_UNUSED_FUNCTION = YES;
				GCC_WARN_UNUSED_VARIABLE = YES;
				MACOSX_DEPLOYMENT_TARGET = 10.13;
				MTL_ENABLE_DEBUG_INFO = NO;
				MTL_FAST_MATH = YES;
				SDKROOT = macosx;
			};
			name = Release;
		};
		5F78472A24211EEE0025D877 /* Debug */ = {
			isa = XCBuildConfiguration;
			buildSettings = {
				CLANG_CXX_LANGUAGE_STANDARD = "c++17";
				CODE_SIGN_IDENTITY = "Mac Developer";
				CODE_SIGN_STYLE = Automatic;
				DEVELOPMENT_TEAM = 3J2JYTDMYQ;
				HEADER_SEARCH_PATHS = (
					tgbot/,
					/usr/local/include,
				);
				LIBRARY_SEARCH_PATHS = /usr/local/lib/;
				OTHER_LDFLAGS = (
					"-lcrypto",
					"-lssl",
					"-lcurl",
					"-lcurlpp",
				);
				PRODUCT_NAME = "$(TARGET_NAME)";
			};
			name = Debug;
		};
		5F78472B24211EEE0025D877 /* Release */ = {
			isa = XCBuildConfiguration;
			buildSettings = {
				CLANG_CXX_LANGUAGE_STANDARD = "c++17";
				CODE_SIGN_IDENTITY = "Mac Developer";
				CODE_SIGN_STYLE = Automatic;
				DEVELOPMENT_TEAM = 3J2JYTDMYQ;
				HEADER_SEARCH_PATHS = (
					tgbot/,
					/usr/local/include,
				);
				LIBRARY_SEARCH_PATHS = /usr/local/lib/;
				OTHER_LDFLAGS = (
					"-lcrypto",
					"-lssl",
					"-lcurl",
					"-lcurlpp",
				);
				PRODUCT_NAME = "$(TARGET_NAME)";
			};
			name = Release;
		};
/* End XCBuildConfiguration section */

/* Begin XCConfigurationList section */
		5F78471D24211EEE0025D877 /* Build configuration list for PBXProject "tgbot" */ = {
			isa = XCConfigurationList;
			buildConfigurations = (
				5F78472724211EEE0025D877 /* Debug */,
				5F78472824211EEE0025D877 /* Release */,
			);
			defaultConfigurationIsVisible = 0;
			defaultConfigurationName = Release;
		};
		5F78472924211EEE0025D877 /* Build configuration list for PBXNativeTarget "tgbot" */ = {
			isa = XCConfigurationList;
			buildConfigurations = (
				5F78472A24211EEE0025D877 /* Debug */,
				5F78472B24211EEE0025D877 /* Release */,
			);
			defaultConfigurationIsVisible = 0;
			defaultConfigurationName = Release;
		};
/* End XCConfigurationList section */
	};
	rootObject = 5F78471A24211EEE0025D877 /* Project object */;
}
